
Microsoft Visual Studio Solution File, Format Version 12.00
# Visual Studio 15
VisualStudioVersion = 15.0.27004.2005
MinimumVisualStudioVersion = 10.0.40219.1
Project("{FAE04EC0-301F-11D3-BF4B-00C04F79EFBC}") = "Epam.Talalaykina.Task2(1)", "Epam.Talalaykina.Task2(1)\Epam.Talalaykina.Task2(1).csproj", "{B2FF4568-7AAF-441E-9878-5431BB85FFD8}"
EndProject
Global
	GlobalSection(SolutionConfigurationPlatforms) = preSolution
		Debug|Any CPU = Debug|Any CPU
		Release|Any CPU = Release|Any CPU
	EndGlobalSection
	GlobalSection(ProjectConfigurationPlatforms) = postSolution
		{B2FF4568-7AAF-441E-9878-5431BB85FFD8}.Debug|Any CPU.ActiveCfg = Debug|Any CPU
		{B2FF4568-7AAF-441E-9878-5431BB85FFD8}.Debug|Any CPU.Build.0 = Debug|Any CPU
		{B2FF4568-7AAF-441E-9878-5431BB85FFD8}.Release|Any CPU.ActiveCfg = Release|Any CPU
		{B2FF4568-7AAF-441E-9878-5431BB85FFD8}.Release|Any CPU.Build.0 = Release|Any CPU
	EndGlobalSection
	GlobalSection(SolutionProperties) = preSolution
		HideSolutionNode = FALSE
	EndGlobalSection
	GlobalSection(ExtensibilityGlobals) = postSolution
		SolutionGuid = {320705E4-B749-450B-B4D7-3DE288BB7CEB}
	EndGlobalSection
EndGlobal
